
Microsoft Visual Studio Solution File, Format Version 12.00
# Visual Studio 2013
VisualStudioVersion = 12.0.40629.0
MinimumVisualStudioVersion = 10.0.40219.1
Project("{FAE04EC0-301F-11D3-BF4B-00C04F79EFBC}") = "WebServices.Soap.Tests", "WebServices.Soap.Tests\WebServices.Soap.Tests.csproj", "{0A05A068-3957-436F-B012-8DB5156976A4}"
EndProject
Project("{FAE04EC0-301F-11D3-BF4B-00C04F79EFBC}") = "CurrencyConvertorClient", "CurrencyConvertorClient\CurrencyConvertorClient.csproj", "{342643C6-256C-4671-8460-199CB7FB799A}"
EndProject
Global
	GlobalSection(SolutionConfigurationPlatforms) = preSolution
		Debug|Any CPU = Debug|Any CPU
		Release|Any CPU = Release|Any CPU
	EndGlobalSection
	GlobalSection(ProjectConfigurationPlatforms) = postSolution
		{0A05A068-3957-436F-B012-8DB5156976A4}.Debug|Any CPU.ActiveCfg = Debug|Any CPU
		{0A05A068-3957-436F-B012-8DB5156976A4}.Debug|Any CPU.Build.0 = Debug|Any CPU
		{0A05A068-3957-436F-B012-8DB5156976A4}.Release|Any CPU.ActiveCfg = Release|Any CPU
		{0A05A068-3957-436F-B012-8DB5156976A4}.Release|Any CPU.Build.0 = Release|Any CPU
		{342643C6-256C-4671-8460-199CB7FB799A}.Debug|Any CPU.ActiveCfg = Debug|Any CPU
		{342643C6-256C-4671-8460-199CB7FB799A}.Debug|Any CPU.Build.0 = Debug|Any CPU
		{342643C6-256C-4671-8460-199CB7FB799A}.Release|Any CPU.ActiveCfg = Release|Any CPU
		{342643C6-256C-4671-8460-199CB7FB799A}.Release|Any CPU.Build.0 = Release|Any CPU
	EndGlobalSection
	GlobalSection(SolutionProperties) = preSolution
		HideSolutionNode = FALSE
	EndGlobalSection
EndGlobal
